
Microsoft Visual Studio Solution File, Format Version 12.00
# Visual Studio Version 16
VisualStudioVersion = 16.0.29123.89
MinimumVisualStudioVersion = 10.0.40219.1
Project("{FAE04EC0-301F-11D3-BF4B-00C04F79EFBC}") = "IntelSharp", "IntelSharp\IntelSharp.csproj", "{91EE3844-FED0-4BF3-ACBD-FFB40CC72C1D}"
EndProject
Project("{FAE04EC0-301F-11D3-BF4B-00C04F79EFBC}") = "IntelSharp.Sandbox", "IntelSharp.Sandbox\IntelSharp.Sandbox.csproj", "{4F2CF200-431D-43C9-B7AE-780175B9EDC7}"
EndProject
Global
	GlobalSection(SolutionConfigurationPlatforms) = preSolution
		Debug|Any CPU = Debug|Any CPU
		Release|Any CPU = Release|Any CPU
	EndGlobalSection
	GlobalSection(ProjectConfigurationPlatforms) = postSolution
		{91EE3844-FED0-4BF3-ACBD-FFB40CC72C1D}.Debug|Any CPU.ActiveCfg = Debug|Any CPU
		{91EE3844-FED0-4BF3-ACBD-FFB40CC72C1D}.Debug|Any CPU.Build.0 = Debug|Any CPU
		{91EE3844-FED0-4BF3-ACBD-FFB40CC72C1D}.Release|Any CPU.ActiveCfg = Release|Any CPU
		{91EE3844-FED0-4BF3-ACBD-FFB40CC72C1D}.Release|Any CPU.Build.0 = Release|Any CPU
		{4F2CF200-431D-43C9-B7AE-780175B9EDC7}.Debug|Any CPU.ActiveCfg = Debug|Any CPU
		{4F2CF200-431D-43C9-B7AE-780175B9EDC7}.Debug|Any CPU.Build.0 = Debug|Any CPU
		{4F2CF200-431D-43C9-B7AE-780175B9EDC7}.Release|Any CPU.ActiveCfg = Release|Any CPU
		{4F2CF200-431D-43C9-B7AE-780175B9EDC7}.Release|Any CPU.Build.0 = Release|Any CPU
	EndGlobalSection
	GlobalSection(SolutionProperties) = preSolution
		HideSolutionNode = FALSE
	EndGlobalSection
	GlobalSection(ExtensibilityGlobals) = postSolution
		SolutionGuid = {21FDA804-D5CC-4B9B-A0CC-7998B1F83392}
	EndGlobalSection
EndGlobal
